
Microsoft Visual Studio Solution File, Format Version 12.00
# Visual Studio Version 16
VisualStudioVersion = 16.0.30804.86
MinimumVisualStudioVersion = 10.0.40219.1
Project("{FAE04EC0-301F-11D3-BF4B-00C04F79EFBC}") = "DesignPatterns", "DesignPatterns.csproj", "{70E9DF16-BB37-43E4-9380-66E68D250FFE}"
EndProject
Global
	GlobalSection(SolutionConfigurationPlatforms) = preSolution
		Debug|Any CPU = Debug|Any CPU
		Release|Any CPU = Release|Any CPU
	EndGlobalSection
	GlobalSection(ProjectConfigurationPlatforms) = postSolution
		{70E9DF16-BB37-43E4-9380-66E68D250FFE}.Debug|Any CPU.ActiveCfg = Debug|Any CPU
		{70E9DF16-BB37-43E4-9380-66E68D250FFE}.Debug|Any CPU.Build.0 = Debug|Any CPU
		{70E9DF16-BB37-43E4-9380-66E68D250FFE}.Release|Any CPU.ActiveCfg = Release|Any CPU
		{70E9DF16-BB37-43E4-9380-66E68D250FFE}.Release|Any CPU.Build.0 = Release|Any CPU
	EndGlobalSection
	GlobalSection(SolutionProperties) = preSolution
		HideSolutionNode = FALSE
	EndGlobalSection
	GlobalSection(ExtensibilityGlobals) = postSolution
		SolutionGuid = {987F4854-2EF0-4993-ABA9-50998898A679}
	EndGlobalSection
EndGlobal
